# THIS IS AN AUTOGENERATED FILE. DO NOT EDIT THIS FILE DIRECTLY.
# yarn lockfile v1


"@faker-js/faker@^8.0.2":
  version "8.3.1"
  resolved "https://registry.yarnpkg.com/@faker-js/faker/-/faker-8.3.1.tgz#7753df0cb88d7649becf984a96dd1bd0a26f43e3"
  integrity sha512-FdgpFxY6V6rLZE9mmIBb9hM0xpfvQOSNOLnzolzKwsE1DH+gC7lEKV1p1IbR0lAYyvYd5a4u3qWJzowUkw1bIw==

"@playwright/test@^1.41.0":
  version "1.42.1"
  resolved "https://registry.yarnpkg.com/@playwright/test/-/test-1.42.1.tgz#9eff7417bcaa770e9e9a00439e078284b301f31c"
  integrity sha512-Gq9rmS54mjBL/7/MvBaNOBwbfnh7beHvS6oS4srqXFcQHpQCV1+c8JXWE8VLPyRDhgS3H8x8A7hztqI9VnwrAQ==
  dependencies:
    playwright "1.42.1"


File@^0.10.2:
  version "0.10.2"
  resolved "https://registry.yarnpkg.com/File/-/File-0.10.2.tgz#e899f776d273e2243ba86105bb3b056d0fb95604"
  integrity sha512-gomQVTq/10wIR399uhGTWtYcYneTXbfe3p2RO/NR0MPrLkIyOaE9DCEPXihAm+72epLtXaplitwfJ/wkmj88dg==
  dependencies:
    mime ">= 0.0.0"

FileList@^0.10.2:
  version "0.10.2"
  resolved "https://registry.yarnpkg.com/FileList/-/FileList-0.10.2.tgz#6003b1a9715934164b67c434ad6a8741a1cd147a"
  integrity sha512-HCe9WvojxLiMEfa3l6jFkQJLzhzDXgQmfnKFoRvhEnsyVoIc5piAQNLyhOwsZsmf8IwDBfr5H71nB8Wi5w0XwA==

asynckit@^0.4.0:
  version "0.4.0"
  resolved "https://registry.yarnpkg.com/asynckit/-/asynckit-0.4.0.tgz#c79ed97f7f34cb8f2ba1bc9790bcc366474b4b79"
  integrity sha512-Oei9OH4tRh0YqU3GxhX79dM/mwVgvbZJaSNaRk+bshkj0S5cfHcgYakreBjrHwatXKbz+IoIdYLxrKim2MjW0Q==

biskviit@1.0.1:
  version "1.0.1"
  resolved "https://registry.yarnpkg.com/biskviit/-/biskviit-1.0.1.tgz#037a0cd4b71b9e331fd90a1122de17dc49e420a7"
  integrity sha512-VGCXdHbdbpEkFgtjkeoBN8vRlbj1ZRX2/mxhE8asCCRalUx2nBzOomLJv8Aw/nRt5+ccDb+tPKidg4XxcfGW4w==
  dependencies:
    psl "^1.1.7"

bufferjs@^2.0.0:
  version "2.0.0"
  resolved "https://registry.yarnpkg.com/bufferjs/-/bufferjs-2.0.0.tgz#685e71ed5c0600e3d703ff9bd012bb3270a39e28"
  integrity sha512-VnTCQKC+AJ61OFGe/hn3jRXoIt/B95NUcuxzAwiVT0PFB0KRZImkoDPYdFqDIs7xAs1eJ3yiKcHnuUiiYe7ucQ==

combined-stream@^1.0.8:
  version "1.0.8"
  resolved "https://registry.yarnpkg.com/combined-stream/-/combined-stream-1.0.8.tgz#c3d45a8b34fd730631a110a8a2520682b31d5a7f"
  integrity sha512-FQN4MRfuJeHf7cBbBMJFXhKSDq+2kAArBlmRBvcvFE5BB1HZKXtSFASDhdlz9zOYwxh8lDdnvmMOe/+5cdoEdg==
  dependencies:
    delayed-stream "~1.0.0"

data-uri-to-buffer@^4.0.0:
  version "4.0.1"
  resolved "https://registry.yarnpkg.com/data-uri-to-buffer/-/data-uri-to-buffer-4.0.1.tgz#d8feb2b2881e6a4f58c2e08acfd0e2834e26222e"
  integrity sha512-0R9ikRb668HB7QDxT1vkpuUBtqc53YyAwMwGeUFKRojY/NWKvdZ+9UYtRfGmhqNbRkTSVpMbmyhXipFFv2cb/A==

delayed-stream@~1.0.0:
  version "1.0.0"
  resolved "https://registry.yarnpkg.com/delayed-stream/-/delayed-stream-1.0.0.tgz#df3ae199acadfb7d440aaae0b29e2272b24ec619"
  integrity sha512-ZySD7Nf91aLB0RxL4KGrKHBXl7Eds1DAmEdcoVawXnLD7SDhpNgtuII2aAkg7a7QS41jxPSZ17p4VdGnMHk3MQ==

encoding@0.1.12:
  version "0.1.12"
  resolved "https://registry.yarnpkg.com/encoding/-/encoding-0.1.12.tgz#538b66f3ee62cd1ab51ec323829d1f9480c74beb"
  integrity sha512-bl1LAgiQc4ZWr++pNYUdRe/alecaHFeHxIJ/pNciqGdKXghaTCOwKkbKp6ye7pKZGu/GcaSXFk8PBVhgs+dJdA==
  dependencies:
    iconv-lite "~0.4.13"

fetch-blob@^3.1.2, fetch-blob@^3.1.4:
  version "3.2.0"
  resolved "https://registry.yarnpkg.com/fetch-blob/-/fetch-blob-3.2.0.tgz#f09b8d4bbd45adc6f0c20b7e787e793e309dcce9"
  integrity sha512-7yAQpD2UMJzLi1Dqv7qFYnPbaPx7ZfFK6PiIxQ4PfkGPyNyl2Ugx+a/umUonmKqjhM4DnfbMvdX6otXq83soQQ==
  dependencies:
    node-domexception "^1.0.0"
    web-streams-polyfill "^3.0.3"

fetch@^1.1.0:
  version "1.1.0"
  resolved "https://registry.yarnpkg.com/fetch/-/fetch-1.1.0.tgz#0a8279f06be37f9f0ebb567560a30a480da59a2e"
  integrity sha512-5O8TwrGzoNblBG/jtK4NFuZwNCkZX6s5GfRNOaGtm+QGJEuNakSC/i2RW0R93KX6E0jVjNXm6O3CRN4Ql3K+yA==
  dependencies:
    biskviit "1.0.1"
    encoding "0.1.12"

filereader@^0.10.3:
  version "0.10.3"
  resolved "https://registry.yarnpkg.com/filereader/-/filereader-0.10.3.tgz#c747d4a2cd8f61e5418a7c07fe1257a43f0acdb1"
  integrity sha512-7F8w6GSXuHLN80ukaVOcHgBaiTRHUZr8GeEhNdqfAECcnBoROg4i8hTl+KqtF4yUPffOJVHEFg4iDJb7xIYFng==

foreachasync@^3.0.0:
  version "3.0.0"
  resolved "https://registry.yarnpkg.com/foreachasync/-/foreachasync-3.0.0.tgz#5502987dc8714be3392097f32e0071c9dee07cf6"
  integrity sha512-J+ler7Ta54FwwNcx6wQRDhTIbNeyDcARMkOcguEqnEdtm0jKvN3Li3PDAb2Du3ubJYEWfYL83XMROXdsXAXycw==

form-data@^4.0.0:
  version "4.0.0"
  resolved "https://registry.yarnpkg.com/form-data/-/form-data-4.0.0.tgz#93919daeaf361ee529584b9b31664dc12c9fa452"
  integrity sha512-ETEklSGi5t0QMZuiXoA/Q6vcnxcLQP5vdugSpuAyi6SVGi2clPPp+xgEhuMaHC+zGgn31Kd235W35f7Hykkaww==
  dependencies:
    asynckit "^0.4.0"
    combined-stream "^1.0.8"
    mime-types "^2.1.12"

formdata-polyfill@^4.0.10:
  version "4.0.10"
  resolved "https://registry.yarnpkg.com/formdata-polyfill/-/formdata-polyfill-4.0.10.tgz#24807c31c9d402e002ab3d8c720144ceb8848423"
  integrity sha512-buewHzMvYL29jdeQTVILecSaZKnt/RJWjoZCF5OW60Z67/GmSLBkOFM7qh1PI3zFNtJbaZL5eQu1vLfazOwj4g==
  dependencies:
    fetch-blob "^3.1.2"

formdata@^0.10.4:
  version "0.10.4"
  resolved "https://registry.yarnpkg.com/formdata/-/formdata-0.10.4.tgz#9621fdc0cc361f4a0111de5d25b35f6a78dc55a0"
  integrity sha512-IsHa+GYLLXHx0RmpUmzQTdwxDjNinxD+1zKOYPLaRwiqTfex5caQhOzgPIjFgJkL0O884Ers76BSHzXJxHvPLw==
  dependencies:
    File "^0.10.2"
    FileList "^0.10.2"
    bufferjs "^2.0.0"
    filereader "^0.10.3"
    foreachasync "^3.0.0"
    remedial "^1.0.7"

fsevents@2.3.2:
  version "2.3.2"
  resolved "https://registry.yarnpkg.com/fsevents/-/fsevents-2.3.2.tgz#8a526f78b8fdf4623b709e0b975c52c24c02fd1a"
  integrity sha512-xiqMQR4xAeHTuB9uWm+fFRcIOgKBMiOBP+eXiyT7jsgVCq1bkVygt00oASowB7EdtpOHaaPgKt812P9ab+DDKA==

iconv-lite@~0.4.13:
  version "0.4.24"
  resolved "https://registry.yarnpkg.com/iconv-lite/-/iconv-lite-0.4.24.tgz#2022b4b25fbddc21d2f524974a474aafe733908b"
  integrity sha512-v3MXnZAcvnywkTUEZomIActle7RXXeedOR31wwl7VlyoXO4Qi9arvSenNQWne1TcRwhCL1HwLI21bEqdpj8/rA==
  dependencies:
    safer-buffer ">= 2.1.2 < 3"

mime-db@1.52.0:
  version "1.52.0"
  resolved "https://registry.yarnpkg.com/mime-db/-/mime-db-1.52.0.tgz#bbabcdc02859f4987301c856e3387ce5ec43bf70"
  integrity sha512-sPU4uV7dYlvtWJxwwxHD0PuihVNiE7TyAbQ5SWxDCB9mUYvOgroQOwYQQOKPJ8CIbE+1ETVlOoK1UC2nU3gYvg==

mime-types@^2.1.12:
  version "2.1.35"
  resolved "https://registry.yarnpkg.com/mime-types/-/mime-types-2.1.35.tgz#381a871b62a734450660ae3deee44813f70d959a"
  integrity sha512-ZDY+bPm5zTTF+YpCrAU9nK0UgICYPT0QtT1NZWFv4s++TNkcgVaT0g6+4R2uI4MjQjzysHB1zxuWL50hzaeXiw==
  dependencies:
    mime-db "1.52.0"

"mime@>= 0.0.0":
  version "4.0.1"
  resolved "https://registry.yarnpkg.com/mime/-/mime-4.0.1.tgz#ad7563d1bfe30253ad97dedfae2b1009d01b9470"
  integrity sha512-5lZ5tyrIfliMXzFtkYyekWbtRXObT9OWa8IwQ5uxTBDHucNNwniRqo0yInflj+iYi5CBa6qxadGzGarDfuEOxA==

node-domexception@^1.0.0:
  version "1.0.0"
  resolved "https://registry.yarnpkg.com/node-domexception/-/node-domexception-1.0.0.tgz#6888db46a1f71c0b76b3f7555016b63fe64766e5"
  integrity sha512-/jKZoMpw0F8GRwl4/eLROPA3cfcXtLApP0QzLmUT/HuPCZWyB7IY9ZrMeKw2O/nFIqPQB3PVM9aYm0F312AXDQ==

node-fetch@^3.3.2:
  version "3.3.2"
  resolved "https://registry.yarnpkg.com/node-fetch/-/node-fetch-3.3.2.tgz#d1e889bacdf733b4ff3b2b243eb7a12866a0b78b"
  integrity sha512-dRB78srN/l6gqWulah9SrxeYnxeddIG30+GOqK/9OlLVyLg3HPnr6SqOWTWOXKRwC2eGYCkZ59NNuSgvSrpgOA==
  dependencies:
    data-uri-to-buffer "^4.0.0"
    fetch-blob "^3.1.4"
    formdata-polyfill "^4.0.10"

<<<<<<< HEAD
playwright-core@1.42.1:
  version "1.42.1"
  resolved "https://registry.yarnpkg.com/playwright-core/-/playwright-core-1.42.1.tgz#13c150b93c940a3280ab1d3fbc945bc855c9459e"
  integrity sha512-mxz6zclokgrke9p1vtdy/COWBH+eOZgYUVVU34C73M+4j4HLlQJHtfcqiqqxpP0o8HhMkflvfbquLX5dg6wlfA==

playwright@1.42.1:
  version "1.42.1"
  resolved "https://registry.yarnpkg.com/playwright/-/playwright-1.42.1.tgz#79c828b51fe3830211137550542426111dc8239f"
  integrity sha512-PgwB03s2DZBcNRoW+1w9E+VkLBxweib6KTXM0M3tkiT4jVxKSi6PmVJ591J+0u10LUrgxB7dLRbiJqO5s2QPMg==
  dependencies:
    playwright-core "1.42.1"
=======
playwright-core@1.42.0:
  version "1.42.0"
  resolved "https://registry.yarnpkg.com/playwright-core/-/playwright-core-1.42.0.tgz#bc6525268b13b8bed5fbead761a1a886984555c4"
  integrity sha512-0HD9y8qEVlcbsAjdpBaFjmaTHf+1FeIddy8VJLeiqwhcNqGCBe4Wp2e8knpqiYbzxtxarxiXyNDw2cG8sCaNMQ==

playwright@1.42.0:
  version "1.42.0"
  resolved "https://registry.yarnpkg.com/playwright/-/playwright-1.42.0.tgz#6d4265b124d2b87432083aa7af30c46aaec5e703"
  integrity sha512-Ko7YRUgj5xBHbntrgt4EIw/nE//XBHOKVKnBjO1KuZkmkhlbgyggTe5s9hjqQ1LpN+Xg+kHsQyt5Pa0Bw5XpvQ==
  dependencies:
    playwright-core "1.42.0"
>>>>>>> 556314841c03647a1d2dc02964814cf2d16d69e7
  optionalDependencies:
    fsevents "2.3.2"

psl@^1.1.7:
  version "1.9.0"
  resolved "https://registry.yarnpkg.com/psl/-/psl-1.9.0.tgz#d0df2a137f00794565fcaf3b2c00cd09f8d5a5a7"
  integrity sha512-E/ZsdU4HLs/68gYzgGTkMicWTLPdAftJLfJFlLUAAKZGkStNU72sZjT66SnMDVOfOWY/YAoiD7Jxa9iHvngcag==

remedial@^1.0.7:
  version "1.0.8"
  resolved "https://registry.yarnpkg.com/remedial/-/remedial-1.0.8.tgz#a5e4fd52a0e4956adbaf62da63a5a46a78c578a0"
  integrity sha512-/62tYiOe6DzS5BqVsNpH/nkGlX45C/Sp6V+NtiN6JQNS1Viay7cWkazmRkrQrdFj2eshDe96SIQNIoMxqhzBOg==

"safer-buffer@>= 2.1.2 < 3":
  version "2.1.2"
  resolved "https://registry.yarnpkg.com/safer-buffer/-/safer-buffer-2.1.2.tgz#44fa161b0187b9549dd84bb91802f9bd8385cd6a"
  integrity sha512-YZo3K82SD7Riyi0E1EQPojLz7kpepnSQI9IyPbHHg1XXXevb5dJI7tpyN2ADxGcQbHG7vcyRHk0cbwqcQriUtg==

web-streams-polyfill@^3.0.3:
  version "3.3.3"
  resolved "https://registry.yarnpkg.com/web-streams-polyfill/-/web-streams-polyfill-3.3.3.tgz#2073b91a2fdb1fbfbd401e7de0ac9f8214cecb4b"
  integrity sha512-d2JWLCivmZYTSIoge9MsgFCZrt571BikcWGYkjC1khllbTeDlGqZ2D8vD8E/lJa8WGWbb7Plm8/XJYV7IJHZZw==
